github.com/BurntSushi/toml v1.6.0 h1:dRaEfpa2VI55EwlIW72hMRHdWouJeRF7TPYhI+AUQjk=
github.com/BurntSushi/toml v1.6.0/go.mod h1:ukJfTF/6rtPPRCnwkur4qwRxa8vTRFBF0uk2lLoLwho=
github.com/gopatchy/artnet v0.0.0-20260128203426-0a3e9b1daf66 h1:QZrypvWOUbZeJsFRRx8UXf+MUbvkF/WR2KvNUynWFTM=
github.com/gopatchy/artnet v0.0.0-20260128203426-0a3e9b1daf66/go.mod h1:V/D32mh1xfK/llCKbrqI2jxw4xL4hf6Ge2yLiIrp9/4=
github.com/gopatchy/sacn v0.0.0-20260129053634-d5ca321a4c1b h1:NwIoFlXTUZc+WuvBpoYBgu2hBp0maWL8vdXFXpXG88g=
github.com/gopatchy/sacn v0.0.0-20260129053634-d5ca321a4c1b/go.mod h1:mFF+CN4mU8ITvXxldfyUFvS17jXiMJgR393Owfwh3gI=
golang.org/x/net v0.49.0 h1:eeHFmOGUTtaaPSGNmjBKpbng9MulQsJURQUAfUwY++o=
golang.org/x/net v0.49.0/go.mod h1:/ysNB2EvaqvesRkuLAyjI1ycPZlQHM3q01F02UY/MV8=
golang.org/x/sys v0.40.0 h1:DBZZqJ2Rkml6QMQsZywtnjnnGvHza6BTfYFWY9kjEWQ=
golang.org/x/sys v0.40.0/go.mod h1:OgkHotnGiDImocRcuBABYBEXf8A9a87e/uXjp9XT3ks=
